// !$*UTF8*$!
{
	archiveVersion = 1;
	classes = {
	};
	objectVersion = 51;
	objects = {

/* Begin PBXBuildFile section */
		6F2665C9274A5461001DCB2B /* LoginManager.swift in Sources */ = {isa = PBXBuildFile; fileRef = 6F2665C8274A5461001DCB2B /* LoginManager.swift */; };
		6F597CCF272446D1002D8B77 /* DetailViewController.swift in Sources */ = {isa = PBXBuildFile; fileRef = 6F597CCE272446D1002D8B77 /* DetailViewController.swift */; };
		6FEEEDD427127CA7001D4161 /* AppDelegate.swift in Sources */ = {isa = PBXBuildFile; fileRef = 6FEEEDD327127CA7001D4161 /* AppDelegate.swift */; };
		6FEEEDD627127CA7001D4161 /* SceneDelegate.swift in Sources */ = {isa = PBXBuildFile; fileRef = 6FEEEDD527127CA7001D4161 /* SceneDelegate.swift */; };
		6FEEEDD827127CA7001D4161 /* ViewController.swift in Sources */ = {isa = PBXBuildFile; fileRef = 6FEEEDD727127CA7001D4161 /* ViewController.swift */; };
		6FEEEDDB27127CA7001D4161 /* Main.storyboard in Resources */ = {isa = PBXBuildFile; fileRef = 6FEEEDD927127CA7001D4161 /* Main.storyboard */; };
		6FEEEDDD27127CAB001D4161 /* Assets.xcassets in Resources */ = {isa = PBXBuildFile; fileRef = 6FEEEDDC27127CAB001D4161 /* Assets.xcassets */; };
		6FEEEDE027127CAB001D4161 /* LaunchScreen.storyboard in Resources */ = {isa = PBXBuildFile; fileRef = 6FEEEDDE27127CAB001D4161 /* LaunchScreen.storyboard */; };
		6FEEEDEB27127CAC001D4161 /* _weekTests.swift in Sources */ = {isa = PBXBuildFile; fileRef = 6FEEEDEA27127CAC001D4161 /* _weekTests.swift */; };
		6FEEEDF627127CAC001D4161 /* _weekUITests.swift in Sources */ = {isa = PBXBuildFile; fileRef = 6FEEEDF527127CAC001D4161 /* _weekUITests.swift */; };
		6FEEEE0E271293A1001D4161 /* Item.swift in Sources */ = {isa = PBXBuildFile; fileRef = 6FEEEE0D271293A1001D4161 /* Item.swift */; };
		6FEEEE1627129FF3001D4161 /* Service.swift in Sources */ = {isa = PBXBuildFile; fileRef = 6FEEEE1527129FF3001D4161 /* Service.swift */; };
		6FEEEE1E2712A08B001D4161 /* ViewModel.swift in Sources */ = {isa = PBXBuildFile; fileRef = 6FEEEE1D2712A08B001D4161 /* ViewModel.swift */; };
		7B2DF39E3F7ECA1A4DB3B669 /* Pods_3weekTests.framework in Frameworks */ = {isa = PBXBuildFile; fileRef = 21AB363B266DD3D7E8DD8D49 /* Pods_3weekTests.framework */; };
		861EB1356610B9760E9BF4D4 /* Pods_3week.framework in Frameworks */ = {isa = PBXBuildFile; fileRef = 4A2FC59D32C9E84352C5EA19 /* Pods_3week.framework */; };
		E17022B9733C797FB82258D8 /* Pods_3week_3weekUITests.framework in Frameworks */ = {isa = PBXBuildFile; fileRef = BFCA26EBAEA9937B83F92177 /* Pods_3week_3weekUITests.framework */; };
/* End PBXBuildFile section */

/* Begin PBXContainerItemProxy section */
		6FEEEDE727127CAC001D4161 /* PBXContainerItemProxy */ = {
			isa = PBXContainerItemProxy;
			containerPortal = 6FEEEDC827127CA7001D4161 /* Project object */;
			proxyType = 1;
			remoteGlobalIDString = 6FEEEDCF27127CA7001D4161;
			remoteInfo = 3week;
		};
		6FEEEDF227127CAC001D4161 /* PBXContainerItemProxy */ = {
			isa = PBXContainerItemProxy;
			containerPortal = 6FEEEDC827127CA7001D4161 /* Project object */;
			proxyType = 1;
			remoteGlobalIDString = 6FEEEDCF27127CA7001D4161;
			remoteInfo = 3week;
		};
/* End PBXContainerItemProxy section */

/* Begin PBXFileReference section */
		21AB363B266DD3D7E8DD8D49 /* Pods_3weekTests.framework */ = {isa = PBXFileReference; explicitFileType = wrapper.framework; includeInIndex = 0; path = Pods_3weekTests.framework; sourceTree = BUILT_PRODUCTS_DIR; };
		3C9DF2D0A723820145432706 /* Pods-3week-3weekUITests.debug.xcconfig */ = {isa = PBXFileReference; includeInIndex = 1; lastKnownFileType = text.xcconfig; name = "Pods-3week-3weekUITests.debug.xcconfig"; path = "Target Support Files/Pods-3week-3weekUITests/Pods-3week-3weekUITests.debug.xcconfig"; sourceTree = "<group>"; };
		427A4BE931B62DBA72391D21 /* Pods-3week.debug.xcconfig */ = {isa = PBXFileReference; includeInIndex = 1; lastKnownFileType = text.xcconfig; name = "Pods-3week.debug.xcconfig"; path = "Target Support Files/Pods-3week/Pods-3week.debug.xcconfig"; sourceTree = "<group>"; };
		4A2FC59D32C9E84352C5EA19 /* Pods_3week.framework */ = {isa = PBXFileReference; explicitFileType = wrapper.framework; includeInIndex = 0; path = Pods_3week.framework; sourceTree = BUILT_PRODUCTS_DIR; };
		5C97D26615C0763B2EDBB091 /* Pods-3week-3weekUITests.release.xcconfig */ = {isa = PBXFileReference; includeInIndex = 1; lastKnownFileType = text.xcconfig; name = "Pods-3week-3weekUITests.release.xcconfig"; path = "Target Support Files/Pods-3week-3weekUITests/Pods-3week-3weekUITests.release.xcconfig"; sourceTree = "<group>"; };
		6F2665C8274A5461001DCB2B /* LoginManager.swift */ = {isa = PBXFileReference; lastKnownFileType = sourcecode.swift; path = LoginManager.swift; sourceTree = "<group>"; };
		6F597CCE272446D1002D8B77 /* DetailViewController.swift */ = {isa = PBXFileReference; lastKnownFileType = sourcecode.swift; path = DetailViewController.swift; sourceTree = "<group>"; };
		6FEEEDD027127CA7001D4161 /* 3week.app */ = {isa = PBXFileReference; explicitFileType = wrapper.application; includeInIndex = 0; path = 3week.app; sourceTree = BUILT_PRODUCTS_DIR; };
		6FEEEDD327127CA7001D4161 /* AppDelegate.swift */ = {isa = PBXFileReference; lastKnownFileType = sourcecode.swift; path = AppDelegate.swift; sourceTree = "<group>"; };
		6FEEEDD527127CA7001D4161 /* SceneDelegate.swift */ = {isa = PBXFileReference; lastKnownFileType = sourcecode.swift; path = SceneDelegate.swift; sourceTree = "<group>"; };
		6FEEEDD727127CA7001D4161 /* ViewController.swift */ = {isa = PBXFileReference; lastKnownFileType = sourcecode.swift; path = ViewController.swift; sourceTree = "<group>"; };
		6FEEEDDA27127CA7001D4161 /* Base */ = {isa = PBXFileReference; lastKnownFileType = file.storyboard; name = Base; path = Base.lproj/Main.storyboard; sourceTree = "<group>"; };
		6FEEEDDC27127CAB001D4161 /* Assets.xcassets */ = {isa = PBXFileReference; lastKnownFileType = folder.assetcatalog; path = Assets.xcassets; sourceTree = "<group>"; };
		6FEEEDDF27127CAB001D4161 /* Base */ = {isa = PBXFileReference; lastKnownFileType = file.storyboard; name = Base; path = Base.lproj/LaunchScreen.storyboard; sourceTree = "<group>"; };
		6FEEEDE127127CAB001D4161 /* Info.plist */ = {isa = PBXFileReference; lastKnownFileType = text.plist.xml; path = Info.plist; sourceTree = "<group>"; };
		6FEEEDE627127CAC001D4161 /* 3weekTests.xctest */ = {isa = PBXFileReference; explicitFileType = wrapper.cfbundle; includeInIndex = 0; path = 3weekTests.xctest; sourceTree = BUILT_PRODUCTS_DIR; };
		6FEEEDEA27127CAC001D4161 /* _weekTests.swift */ = {isa = PBXFileReference; lastKnownFileType = sourcecode.swift; path = _weekTests.swift; sourceTree = "<group>"; };
		6FEEEDEC27127CAC001D4161 /* Info.plist */ = {isa = PBXFileReference; lastKnownFileType = text.plist.xml; path = Info.plist; sourceTree = "<group>"; };
		6FEEEDF127127CAC001D4161 /* 3weekUITests.xctest */ = {isa = PBXFileReference; explicitFileType = wrapper.cfbundle; includeInIndex = 0; path = 3weekUITests.xctest; sourceTree = BUILT_PRODUCTS_DIR; };
		6FEEEDF527127CAC001D4161 /* _weekUITests.swift */ = {isa = PBXFileReference; lastKnownFileType = sourcecode.swift; path = _weekUITests.swift; sourceTree = "<group>"; };
		6FEEEDF727127CAC001D4161 /* Info.plist */ = {isa = PBXFileReference; lastKnownFileType = text.plist.xml; path = Info.plist; sourceTree = "<group>"; };
		6FEEEE0D271293A1001D4161 /* Item.swift */ = {isa = PBXFileReference; lastKnownFileType = sourcecode.swift; path = Item.swift; sourceTree = "<group>"; };
		6FEEEE1527129FF3001D4161 /* Service.swift */ = {isa = PBXFileReference; lastKnownFileType = sourcecode.swift; path = Service.swift; sourceTree = "<group>"; };
		6FEEEE1D2712A08B001D4161 /* ViewModel.swift */ = {isa = PBXFileReference; lastKnownFileType = sourcecode.swift; path = ViewModel.swift; sourceTree = "<group>"; };
		BFCA26EBAEA9937B83F92177 /* Pods_3week_3weekUITests.framework */ = {isa = PBXFileReference; explicitFileType = wrapper.framework; includeInIndex = 0; path = Pods_3week_3weekUITests.framework; sourceTree = BUILT_PRODUCTS_DIR; };
		C5A6193057CEACF469D4F07A /* Pods-3week.release.xcconfig */ = {isa = PBXFileReference; includeInIndex = 1; lastKnownFileType = text.xcconfig; name = "Pods-3week.release.xcconfig"; path = "Target Support Files/Pods-3week/Pods-3week.release.xcconfig"; sourceTree = "<group>"; };
		EF2EDCF1DBBFF57646B8DB39 /* Pods-3weekTests.debug.xcconfig */ = {isa = PBXFileReference; includeInIndex = 1; lastKnownFileType = text.xcconfig; name = "Pods-3weekTests.debug.xcconfig"; path = "Target Support Files/Pods-3weekTests/Pods-3weekTests.debug.xcconfig"; sourceTree = "<group>"; };
		F126FE3E09D990A9E7B016E9 /* Pods-3weekTests.release.xcconfig */ = {isa = PBXFileReference; includeInIndex = 1; lastKnownFileType = text.xcconfig; name = "Pods-3weekTests.release.xcconfig"; path = "Target Support Files/Pods-3weekTests/Pods-3weekTests.release.xcconfig"; sourceTree = "<group>"; };
/* End PBXFileReference section */

/* Begin PBXFrameworksBuildPhase section */
		6FEEEDCD27127CA7001D4161 /* Frameworks */ = {
			isa = PBXFrameworksBuildPhase;
			buildActionMask = 2147483647;
			files = (
				861EB1356610B9760E9BF4D4 /* Pods_3week.framework in Frameworks */,
			);
			runOnlyForDeploymentPostprocessing = 0;
		};
		6FEEEDE327127CAB001D4161 /* Frameworks */ = {
			isa = PBXFrameworksBuildPhase;
			buildActionMask = 2147483647;
			files = (
				7B2DF39E3F7ECA1A4DB3B669 /* Pods_3weekTests.framework in Frameworks */,
			);
			runOnlyForDeploymentPostprocessing = 0;
		};
		6FEEEDEE27127CAC001D4161 /* Frameworks */ = {
			isa = PBXFrameworksBuildPhase;
			buildActionMask = 2147483647;
			files = (
				E17022B9733C797FB82258D8 /* Pods_3week_3weekUITests.framework in Frameworks */,
			);
			runOnlyForDeploymentPostprocessing = 0;
		};
/* End PBXFrameworksBuildPhase section */

/* Begin PBXGroup section */
		6F597CCD272446B1002D8B77 /* View */ = {
			isa = PBXGroup;
			children = (
				6FEEEDD727127CA7001D4161 /* ViewController.swift */,
				6F597CCE272446D1002D8B77 /* DetailViewController.swift */,
			);
			path = View;
			sourceTree = "<group>";
		};
		6FEEEDC727127CA7001D4161 = {
			isa = PBXGroup;
			children = (
				6FEEEDD227127CA7001D4161 /* 3week */,
				6FEEEDE927127CAC001D4161 /* 3weekTests */,
				6FEEEDF427127CAC001D4161 /* 3weekUITests */,
				6FEEEDD127127CA7001D4161 /* Products */,
				A71D7F7BF11D20DCE4E1D117 /* Pods */,
				B04A7A0EA615973414249E7B /* Frameworks */,
			);
			sourceTree = "<group>";
		};
		6FEEEDD127127CA7001D4161 /* Products */ = {
			isa = PBXGroup;
			children = (
				6FEEEDD027127CA7001D4161 /* 3week.app */,
				6FEEEDE627127CAC001D4161 /* 3weekTests.xctest */,
				6FEEEDF127127CAC001D4161 /* 3weekUITests.xctest */,
			);
			name = Products;
			sourceTree = "<group>";
		};
		6FEEEDD227127CA7001D4161 /* 3week */ = {
			isa = PBXGroup;
			children = (
				6F597CCD272446B1002D8B77 /* View */,
				6FEEEE1427129FD9001D4161 /* ViewModel */,
				6FEEEE1327129EF0001D4161 /* Service */,
				6FEEEE1227129EE9001D4161 /* Model */,
				6FEEEDD327127CA7001D4161 /* AppDelegate.swift */,
				6FEEEDD527127CA7001D4161 /* SceneDelegate.swift */,
				6FEEEDD927127CA7001D4161 /* Main.storyboard */,
				6FEEEDDC27127CAB001D4161 /* Assets.xcassets */,
				6FEEEDDE27127CAB001D4161 /* LaunchScreen.storyboard */,
				6FEEEDE127127CAB001D4161 /* Info.plist */,
				6F2665C8274A5461001DCB2B /* LoginManager.swift */,
			);
			path = 3week;
			sourceTree = "<group>";
		};
		6FEEEDE927127CAC001D4161 /* 3weekTests */ = {
			isa = PBXGroup;
			children = (
				6FEEEDEA27127CAC001D4161 /* _weekTests.swift */,
				6FEEEDEC27127CAC001D4161 /* Info.plist */,
			);
			path = 3weekTests;
			sourceTree = "<group>";
		};
		6FEEEDF427127CAC001D4161 /* 3weekUITests */ = {
			isa = PBXGroup;
			children = (
				6FEEEDF527127CAC001D4161 /* _weekUITests.swift */,
				6FEEEDF727127CAC001D4161 /* Info.plist */,
			);
			path = 3weekUITests;
			sourceTree = "<group>";
		};
		6FEEEE1227129EE9001D4161 /* Model */ = {
			isa = PBXGroup;
			children = (
				6FEEEE0D271293A1001D4161 /* Item.swift */,
			);
			path = Model;
			sourceTree = "<group>";
		};
		6FEEEE1327129EF0001D4161 /* Service */ = {
			isa = PBXGroup;
			children = (
				6FEEEE1527129FF3001D4161 /* Service.swift */,
			);
			path = Service;
			sourceTree = "<group>";
		};
		6FEEEE1427129FD9001D4161 /* ViewModel */ = {
			isa = PBXGroup;
			children = (
				6FEEEE1D2712A08B001D4161 /* ViewModel.swift */,
			);
			path = ViewModel;
			sourceTree = "<group>";
		};
		A71D7F7BF11D20DCE4E1D117 /* Pods */ = {
			isa = PBXGroup;
			children = (
				427A4BE931B62DBA72391D21 /* Pods-3week.debug.xcconfig */,
				C5A6193057CEACF469D4F07A /* Pods-3week.release.xcconfig */,
				3C9DF2D0A723820145432706 /* Pods-3week-3weekUITests.debug.xcconfig */,
				5C97D26615C0763B2EDBB091 /* Pods-3week-3weekUITests.release.xcconfig */,
				EF2EDCF1DBBFF57646B8DB39 /* Pods-3weekTests.debug.xcconfig */,
				F126FE3E09D990A9E7B016E9 /* Pods-3weekTests.release.xcconfig */,
			);
			path = Pods;
			sourceTree = "<group>";
		};
		B04A7A0EA615973414249E7B /* Frameworks */ = {
			isa = PBXGroup;
			children = (
				4A2FC59D32C9E84352C5EA19 /* Pods_3week.framework */,
				BFCA26EBAEA9937B83F92177 /* Pods_3week_3weekUITests.framework */,
				21AB363B266DD3D7E8DD8D49 /* Pods_3weekTests.framework */,
			);
			name = Frameworks;
			sourceTree = "<group>";
		};
/* End PBXGroup section */

/* Begin PBXNativeTarget section */
		6FEEEDCF27127CA7001D4161 /* 3week */ = {
			isa = PBXNativeTarget;
			buildConfigurationList = 6FEEEDFA27127CAC001D4161 /* Build configuration list for PBXNativeTarget "3week" */;
			buildPhases = (
				B916735F96DF5C3177937272 /* [CP] Check Pods Manifest.lock */,
				6FEEEDCC27127CA7001D4161 /* Sources */,
				6FEEEDCD27127CA7001D4161 /* Frameworks */,
				6FEEEDCE27127CA7001D4161 /* Resources */,
				4FF300CABD276B574D45EB71 /* [CP] Embed Pods Frameworks */,
			);
			buildRules = (
			);
			dependencies = (
			);
			name = 3week;
			productName = 3week;
			productReference = 6FEEEDD027127CA7001D4161 /* 3week.app */;
			productType = "com.apple.product-type.application";
		};
		6FEEEDE527127CAB001D4161 /* 3weekTests */ = {
			isa = PBXNativeTarget;
			buildConfigurationList = 6FEEEDFD27127CAC001D4161 /* Build configuration list for PBXNativeTarget "3weekTests" */;
			buildPhases = (
				3AC0FBF80D3FE9E2CE91E908 /* [CP] Check Pods Manifest.lock */,
				6FEEEDE227127CAB001D4161 /* Sources */,
				6FEEEDE327127CAB001D4161 /* Frameworks */,
				6FEEEDE427127CAB001D4161 /* Resources */,
			);
			buildRules = (
			);
			dependencies = (
				6FEEEDE827127CAC001D4161 /* PBXTargetDependency */,
			);
			name = 3weekTests;
			productName = 3weekTests;
			productReference = 6FEEEDE627127CAC001D4161 /* 3weekTests.xctest */;
			productType = "com.apple.product-type.bundle.unit-test";
		};
		6FEEEDF027127CAC001D4161 /* 3weekUITests */ = {
			isa = PBXNativeTarget;
			buildConfigurationList = 6FEEEE0027127CAC001D4161 /* Build configuration list for PBXNativeTarget "3weekUITests" */;
			buildPhases = (
				43594E620226285B9640AE6D /* [CP] Check Pods Manifest.lock */,
				6FEEEDED27127CAC001D4161 /* Sources */,
				6FEEEDEE27127CAC001D4161 /* Frameworks */,
				6FEEEDEF27127CAC001D4161 /* Resources */,
				83FC2A367FD99988DFBA6209 /* [CP] Embed Pods Frameworks */,
			);
			buildRules = (
			);
			dependencies = (
				6FEEEDF327127CAC001D4161 /* PBXTargetDependency */,
			);
			name = 3weekUITests;
			productName = 3weekUITests;
			productReference = 6FEEEDF127127CAC001D4161 /* 3weekUITests.xctest */;
			productType = "com.apple.product-type.bundle.ui-testing";
		};
/* End PBXNativeTarget section */

/* Begin PBXProject section */
		6FEEEDC827127CA7001D4161 /* Project object */ = {
			isa = PBXProject;
			attributes = {
				LastSwiftUpdateCheck = 1240;
				LastUpgradeCheck = 1240;
				TargetAttributes = {
					6FEEEDCF27127CA7001D4161 = {
						CreatedOnToolsVersion = 12.4;
					};
					6FEEEDE527127CAB001D4161 = {
						CreatedOnToolsVersion = 12.4;
						TestTargetID = 6FEEEDCF27127CA7001D4161;
					};
					6FEEEDF027127CAC001D4161 = {
						CreatedOnToolsVersion = 12.4;
						TestTargetID = 6FEEEDCF27127CA7001D4161;
					};
				};
			};
			buildConfigurationList = 6FEEEDCB27127CA7001D4161 /* Build configuration list for PBXProject "3week" */;
			compatibilityVersion = "Xcode 9.3";
			developmentRegion = en;
			hasScannedForEncodings = 0;
			knownRegions = (
				en,
				Base,
			);
			mainGroup = 6FEEEDC727127CA7001D4161;
			productRefGroup = 6FEEEDD127127CA7001D4161 /* Products */;
			projectDirPath = "";
			projectRoot = "";
			targets = (
				6FEEEDCF27127CA7001D4161 /* 3week */,
				6FEEEDE527127CAB001D4161 /* 3weekTests */,
				6FEEEDF027127CAC001D4161 /* 3weekUITests */,
			);
		};
/* End PBXProject section */

/* Begin PBXResourcesBuildPhase section */
		6FEEEDCE27127CA7001D4161 /* Resources */ = {
			isa = PBXResourcesBuildPhase;
			buildActionMask = 2147483647;
			files = (
				6FEEEDE027127CAB001D4161 /* LaunchScreen.storyboard in Resources */,
				6FEEEDDD27127CAB001D4161 /* Assets.xcassets in Resources */,
				6FEEEDDB27127CA7001D4161 /* Main.storyboard in Resources */,
			);
			runOnlyForDeploymentPostprocessing = 0;
		};
		6FEEEDE427127CAB001D4161 /* Resources */ = {
			isa = PBXResourcesBuildPhase;
			buildActionMask = 2147483647;
			files = (
			);
			runOnlyForDeploymentPostprocessing = 0;
		};
		6FEEEDEF27127CAC001D4161 /* Resources */ = {
			isa = PBXResourcesBuildPhase;
			buildActionMask = 2147483647;
			files = (
			);
			runOnlyForDeploymentPostprocessing = 0;
		};
/* End PBXResourcesBuildPhase section */

/* Begin PBXShellScriptBuildPhase section */
		3AC0FBF80D3FE9E2CE91E908 /* [CP] Check Pods Manifest.lock */ = {
			isa = PBXShellScriptBuildPhase;
			buildActionMask = 2147483647;
			files = (
			);
			inputFileListPaths = (
			);
			inputPaths = (
				"${PODS_PODFILE_DIR_PATH}/Podfile.lock",
				"${PODS_ROOT}/Manifest.lock",
			);
			name = "[CP] Check Pods Manifest.lock";
			outputFileListPaths = (
			);
			outputPaths = (
				"$(DERIVED_FILE_DIR)/Pods-3weekTests-checkManifestLockResult.txt",
			);
			runOnlyForDeploymentPostprocessing = 0;
			shellPath = /bin/sh;
			shellScript = "diff \"${PODS_PODFILE_DIR_PATH}/Podfile.lock\" \"${PODS_ROOT}/Manifest.lock\" > /dev/null\nif [ $? != 0 ] ; then\n    # print error to STDERR\n    echo \"error: The sandbox is not in sync with the Podfile.lock. Run 'pod install' or update your CocoaPods installation.\" >&2\n    exit 1\nfi\n# This output is used by Xcode 'outputs' to avoid re-running this script phase.\necho \"SUCCESS\" > \"${SCRIPT_OUTPUT_FILE_0}\"\n";
			showEnvVarsInLog = 0;
		};
		43594E620226285B9640AE6D /* [CP] Check Pods Manifest.lock */ = {
			isa = PBXShellScriptBuildPhase;
			buildActionMask = 2147483647;
			files = (
			);
			inputFileListPaths = (
			);
			inputPaths = (
				"${PODS_PODFILE_DIR_PATH}/Podfile.lock",
				"${PODS_ROOT}/Manifest.lock",
			);
			name = "[CP] Check Pods Manifest.lock";
			outputFileListPaths = (
			);
			outputPaths = (
				"$(DERIVED_FILE_DIR)/Pods-3week-3weekUITests-checkManifestLockResult.txt",
			);
			runOnlyForDeploymentPostprocessing = 0;
			shellPath = /bin/sh;
			shellScript = "diff \"${PODS_PODFILE_DIR_PATH}/Podfile.lock\" \"${PODS_ROOT}/Manifest.lock\" > /dev/null\nif [ $? != 0 ] ; then\n    # print error to STDERR\n    echo \"error: The sandbox is not in sync with the Podfile.lock. Run 'pod install' or update your CocoaPods installation.\" >&2\n    exit 1\nfi\n# This output is used by Xcode 'outputs' to avoid re-running this script phase.\necho \"SUCCESS\" > \"${SCRIPT_OUTPUT_FILE_0}\"\n";
			showEnvVarsInLog = 0;
		};
		4FF300CABD276B574D45EB71 /* [CP] Embed Pods Frameworks */ = {
			isa = PBXShellScriptBuildPhase;
			buildActionMask = 2147483647;
			files = (
			);
			inputFileListPaths = (
				"${PODS_ROOT}/Target Support Files/Pods-3week/Pods-3week-frameworks-${CONFIGURATION}-input-files.xcfilelist",
			);
			name = "[CP] Embed Pods Frameworks";
			outputFileListPaths = (
				"${PODS_ROOT}/Target Support Files/Pods-3week/Pods-3week-frameworks-${CONFIGURATION}-output-files.xcfilelist",
			);
			runOnlyForDeploymentPostprocessing = 0;
			shellPath = /bin/sh;
			shellScript = "\"${PODS_ROOT}/Target Support Files/Pods-3week/Pods-3week-frameworks.sh\"\n";
			showEnvVarsInLog = 0;
		};
		83FC2A367FD99988DFBA6209 /* [CP] Embed Pods Frameworks */ = {
			isa = PBXShellScriptBuildPhase;
			buildActionMask = 2147483647;
			files = (
			);
			inputFileListPaths = (
				"${PODS_ROOT}/Target Support Files/Pods-3week-3weekUITests/Pods-3week-3weekUITests-frameworks-${CONFIGURATION}-input-files.xcfilelist",
			);
			name = "[CP] Embed Pods Frameworks";
			outputFileListPaths = (
				"${PODS_ROOT}/Target Support Files/Pods-3week-3weekUITests/Pods-3week-3weekUITests-frameworks-${CONFIGURATION}-output-files.xcfilelist",
			);
			runOnlyForDeploymentPostprocessing = 0;
			shellPath = /bin/sh;
			shellScript = "\"${PODS_ROOT}/Target Support Files/Pods-3week-3weekUITests/Pods-3week-3weekUITests-frameworks.sh\"\n";
			showEnvVarsInLog = 0;
		};
		B916735F96DF5C3177937272 /* [CP] Check Pods Manifest.lock */ = {
			isa = PBXShellScriptBuildPhase;
			buildActionMask = 2147483647;
			files = (
			);
			inputFileListPaths = (
			);
			inputPaths = (
				"${PODS_PODFILE_DIR_PATH}/Podfile.lock",
				"${PODS_ROOT}/Manifest.lock",
			);
			name = "[CP] Check Pods Manifest.lock";
			outputFileListPaths = (
			);
			outputPaths = (
				"$(DERIVED_FILE_DIR)/Pods-3week-checkManifestLockResult.txt",
			);
			runOnlyForDeploymentPostprocessing = 0;
			shellPath = /bin/sh;
			shellScript = "diff \"${PODS_PODFILE_DIR_PATH}/Podfile.lock\" \"${PODS_ROOT}/Manifest.lock\" > /dev/null\nif [ $? != 0 ] ; then\n    # print error to STDERR\n    echo \"error: The sandbox is not in sync with the Podfile.lock. Run 'pod install' or update your CocoaPods installation.\" >&2\n    exit 1\nfi\n# This output is used by Xcode 'outputs' to avoid re-running this script phase.\necho \"SUCCESS\" > \"${SCRIPT_OUTPUT_FILE_0}\"\n";
			showEnvVarsInLog = 0;
		};
/* End PBXShellScriptBuildPhase section */

/* Begin PBXSourcesBuildPhase section */
		6FEEEDCC27127CA7001D4161 /* Sources */ = {
			isa = PBXSourcesBuildPhase;
			buildActionMask = 2147483647;
			files = (
				6FEEEE0E271293A1001D4161 /* Item.swift in Sources */,
				6F2665C9274A5461001DCB2B /* LoginManager.swift in Sources */,
				6FEEEDD827127CA7001D4161 /* ViewController.swift in Sources */,
				6FEEEE1627129FF3001D4161 /* Service.swift in Sources */,
				6FEEEDD427127CA7001D4161 /* AppDelegate.swift in Sources */,
				6FEEEE1E2712A08B001D4161 /* ViewModel.swift in Sources */,
				6FEEEDD627127CA7001D4161 /* SceneDelegate.swift in Sources */,
				6F597CCF272446D1002D8B77 /* DetailViewController.swift in Sources */,
			);
			runOnlyForDeploymentPostprocessing = 0;
		};
		6FEEEDE227127CAB001D4161 /* Sources */ = {
			isa = PBXSourcesBuildPhase;
			buildActionMask = 2147483647;
			files = (
				6FEEEDEB27127CAC001D4161 /* _weekTests.swift in Sources */,
			);
			runOnlyForDeploymentPostprocessing = 0;
		};
		6FEEEDED27127CAC001D4161 /* Sources */ = {
			isa = PBXSourcesBuildPhase;
			buildActionMask = 2147483647;
			files = (
				6FEEEDF627127CAC001D4161 /* _weekUITests.swift in Sources */,
			);
			runOnlyForDeploymentPostprocessing = 0;
		};
/* End PBXSourcesBuildPhase section */

/* Begin PBXTargetDependency section */
		6FEEEDE827127CAC001D4161 /* PBXTargetDependency */ = {
			isa = PBXTargetDependency;
			target = 6FEEEDCF27127CA7001D4161 /* 3week */;
			targetProxy = 6FEEEDE727127CAC001D4161 /* PBXContainerItemProxy */;
		};
		6FEEEDF327127CAC001D4161 /* PBXTargetDependency */ = {
			isa = PBXTargetDependency;
			target = 6FEEEDCF27127CA7001D4161 /* 3week */;
			targetProxy = 6FEEEDF227127CAC001D4161 /* PBXContainerItemProxy */;
		};
/* End PBXTargetDependency section */

/* Begin PBXVariantGroup section */
		6FEEEDD927127CA7001D4161 /* Main.storyboard */ = {
			isa = PBXVariantGroup;
			children = (
				6FEEEDDA27127CA7001D4161 /* Base */,
			);
			name = Main.storyboard;
			sourceTree = "<group>";
		};
		6FEEEDDE27127CAB001D4161 /* LaunchScreen.storyboard */ = {
			isa = PBXVariantGroup;
			children = (
				6FEEEDDF27127CAB001D4161 /* Base */,
			);
			name = LaunchScreen.storyboard;
			sourceTree = "<group>";
		};
/* End PBXVariantGroup section */

/* Begin XCBuildConfiguration section */
		6FEEEDF827127CAC001D4161 /* Debug */ = {
			isa = XCBuildConfiguration;
			buildSettings = {
				ALWAYS_SEARCH_USER_PATHS = NO;
				CLANG_ANALYZER_NONNULL = YES;
				CLANG_ANALYZER_NUMBER_OBJECT_CONVERSION = YES_AGGRESSIVE;
				CLANG_CXX_LANGUAGE_STANDARD = "gnu++14";
				CLANG_CXX_LIBRARY = "libc++";
				CLANG_ENABLE_MODULES = YES;
				CLANG_ENABLE_OBJC_ARC = YES;
				CLANG_ENABLE_OBJC_WEAK = YES;
				CLANG_WARN_BLOCK_CAPTURE_AUTORELEASING = YES;
				CLANG_WARN_BOOL_CONVERSION = YES;
				CLANG_WARN_COMMA = YES;
				CLANG_WARN_CONSTANT_CONVERSION = YES;
				CLANG_WARN_DEPRECATED_OBJC_IMPLEMENTATIONS = YES;
				CLANG_WARN_DIRECT_OBJC_ISA_USAGE = YES_ERROR;
				CLANG_WARN_DOCUMENTATION_COMMENTS = YES;
				CLANG_WARN_EMPTY_BODY = YES;
				CLANG_WARN_ENUM_CONVERSION = YES;
				CLANG_WARN_INFINITE_RECURSION = YES;
				CLANG_WARN_INT_CONVERSION = YES;
				CLANG_WARN_NON_LITERAL_NULL_CONVERSION = YES;
				CLANG_WARN_OBJC_IMPLICIT_RETAIN_SELF = YES;
				CLANG_WARN_OBJC_LITERAL_CONVERSION = YES;
				CLANG_WARN_OBJC_ROOT_CLASS = YES_ERROR;
				CLANG_WARN_QUOTED_INCLUDE_IN_FRAMEWORK_HEADER = YES;
				CLANG_WARN_RANGE_LOOP_ANALYSIS = YES;
				CLANG_WARN_STRICT_PROTOTYPES = YES;
				CLANG_WARN_SUSPICIOUS_MOVE = YES;
				CLANG_WARN_UNGUARDED_AVAILABILITY = YES_AGGRESSIVE;
				CLANG_WARN_UNREACHABLE_CODE = YES;
				CLANG_WARN__DUPLICATE_METHOD_MATCH = YES;
				COPY_PHASE_STRIP = NO;
				DEBUG_INFORMATION_FORMAT = dwarf;
				ENABLE_STRICT_OBJC_MSGSEND = YES;
				ENABLE_TESTABILITY = YES;
				GCC_C_LANGUAGE_STANDARD = gnu11;
				GCC_DYNAMIC_NO_PIC = NO;
				GCC_NO_COMMON_BLOCKS = YES;
				GCC_OPTIMIZATION_LEVEL = 0;
				GCC_PREPROCESSOR_DEFINITIONS = (
					"DEBUG=1",
					"$(inherited)",
				);
				GCC_WARN_64_TO_32_BIT_CONVERSION = YES;
				GCC_WARN_ABOUT_RETURN_TYPE = YES_ERROR;
				GCC_WARN_UNDECLARED_SELECTOR = YES;
				GCC_WARN_UNINITIALIZED_AUTOS = YES_AGGRESSIVE;
				GCC_WARN_UNUSED_FUNCTION = YES;
				GCC_WARN_UNUSED_VARIABLE = YES;
				IPHONEOS_DEPLOYMENT_TARGET = 14.4;
				MTL_ENABLE_DEBUG_INFO = INCLUDE_SOURCE;
				MTL_FAST_MATH = YES;
				ONLY_ACTIVE_ARCH = YES;
				SDKROOT = iphoneos;
				SWIFT_ACTIVE_COMPILATION_CONDITIONS = DEBUG;
				SWIFT_OPTIMIZATION_LEVEL = "-Onone";
			};
			name = Debug;
		};
		6FEEEDF927127CAC001D4161 /* Release */ = {
			isa = XCBuildConfiguration;
			buildSettings = {
				ALWAYS_SEARCH_USER_PATHS = NO;
				CLANG_ANALYZER_NONNULL = YES;
				CLANG_ANALYZER_NUMBER_OBJECT_CONVERSION = YES_AGGRESSIVE;
				CLANG_CXX_LANGUAGE_STANDARD = "gnu++14";
				CLANG_CXX_LIBRARY = "libc++";
				CLANG_ENABLE_MODULES = YES;
				CLANG_ENABLE_OBJC_ARC = YES;
				CLANG_ENABLE_OBJC_WEAK = YES;
				CLANG_WARN_BLOCK_CAPTURE_AUTORELEASING = YES;
				CLANG_WARN_BOOL_CONVERSION = YES;
				CLANG_WARN_COMMA = YES;
				CLANG_WARN_CONSTANT_CONVERSION = YES;
				CLANG_WARN_DEPRECATED_OBJC_IMPLEMENTATIONS = YES;
				CLANG_WARN_DIRECT_OBJC_ISA_USAGE = YES_ERROR;
				CLANG_WARN_DOCUMENTATION_COMMENTS = YES;
				CLANG_WARN_EMPTY_BODY = YES;
				CLANG_WARN_ENUM_CONVERSION = YES;
				CLANG_WARN_INFINITE_RECURSION = YES;
				CLANG_WARN_INT_CONVERSION = YES;
				CLANG_WARN_NON_LITERAL_NULL_CONVERSION = YES;
				CLANG_WARN_OBJC_IMPLICIT_RETAIN_SELF = YES;
				CLANG_WARN_OBJC_LITERAL_CONVERSION = YES;
				CLANG_WARN_OBJC_ROOT_CLASS = YES_ERROR;
				CLANG_WARN_QUOTED_INCLUDE_IN_FRAMEWORK_HEADER = YES;
				CLANG_WARN_RANGE_LOOP_ANALYSIS = YES;
				CLANG_WARN_STRICT_PROTOTYPES = YES;
				CLANG_WARN_SUSPICIOUS_MOVE = YES;
				CLANG_WARN_UNGUARDED_AVAILABILITY = YES_AGGRESSIVE;
				CLANG_WARN_UNREACHABLE_CODE = YES;
				CLANG_WARN__DUPLICATE_METHOD_MATCH = YES;
				COPY_PHASE_STRIP = NO;
				DEBUG_INFORMATION_FORMAT = "dwarf-with-dsym";
				ENABLE_NS_ASSERTIONS = NO;
				ENABLE_STRICT_OBJC_MSGSEND = YES;
				GCC_C_LANGUAGE_STANDARD = gnu11;
				GCC_NO_COMMON_BLOCKS = YES;
				GCC_WARN_64_TO_32_BIT_CONVERSION = YES;
				GCC_WARN_ABOUT_RETURN_TYPE = YES_ERROR;
				GCC_WARN_UNDECLARED_SELECTOR = YES;
				GCC_WARN_UNINITIALIZED_AUTOS = YES_AGGRESSIVE;
				GCC_WARN_UNUSED_FUNCTION = YES;
				GCC_WARN_UNUSED_VARIABLE = YES;
				IPHONEOS_DEPLOYMENT_TARGET = 14.4;
				MTL_ENABLE_DEBUG_INFO = NO;
				MTL_FAST_MATH = YES;
				SDKROOT = iphoneos;
				SWIFT_COMPILATION_MODE = wholemodule;
				SWIFT_OPTIMIZATION_LEVEL = "-O";
				VALIDATE_PRODUCT = YES;
			};
			name = Release;
		};
		6FEEEDFB27127CAC001D4161 /* Debug */ = {
			isa = XCBuildConfiguration;
			baseConfigurationReference = 427A4BE931B62DBA72391D21 /* Pods-3week.debug.xcconfig */;
			buildSettings = {
				ASSETCATALOG_COMPILER_APPICON_NAME = AppIcon;
				ASSETCATALOG_COMPILER_GLOBAL_ACCENT_COLOR_NAME = AccentColor;
				CODE_SIGN_STYLE = Automatic;
				DEVELOPMENT_TEAM = 56KBBDN6MA;
				INFOPLIST_FILE = 3week/Info.plist;
				LD_RUNPATH_SEARCH_PATHS = (
					"$(inherited)",
					"@executable_path/Frameworks",
				);
				PRODUCT_BUNDLE_IDENTIFIER = Jin.com.week3;
				PRODUCT_NAME = "$(TARGET_NAME)";
				SWIFT_VERSION = 5.0;
				TARGETED_DEVICE_FAMILY = "1,2";
			};
			name = Debug;
		};
		6FEEEDFC27127CAC001D4161 /* Release */ = {
			isa = XCBuildConfiguration;
			baseConfigurationReference = C5A6193057CEACF469D4F07A /* Pods-3week.release.xcconfig */;
			buildSettings = {
				ASSETCATALOG_COMPILER_APPICON_NAME = AppIcon;
				ASSETCATALOG_COMPILER_GLOBAL_ACCENT_COLOR_NAME = AccentColor;
				CODE_SIGN_STYLE = Automatic;
				DEVELOPMENT_TEAM = 56KBBDN6MA;
				INFOPLIST_FILE = 3week/Info.plist;
				LD_RUNPATH_SEARCH_PATHS = (
					"$(inherited)",
					"@executable_path/Frameworks",
				);
				PRODUCT_BUNDLE_IDENTIFIER = Jin.com.week3;
				PRODUCT_NAME = "$(TARGET_NAME)";
				SWIFT_VERSION = 5.0;
				TARGETED_DEVICE_FAMILY = "1,2";
			};
			name = Release;
		};
		6FEEEDFE27127CAC001D4161 /* Debug */ = {
			isa = XCBuildConfiguration;
			baseConfigurationReference = EF2EDCF1DBBFF57646B8DB39 /* Pods-3weekTests.debug.xcconfig */;
			buildSettings = {
				ALWAYS_EMBED_SWIFT_STANDARD_LIBRARIES = YES;
				BUNDLE_LOADER = "$(TEST_HOST)";
				CODE_SIGN_STYLE = Automatic;
				DEVELOPMENT_TEAM = 56KBBDN6MA;
				INFOPLIST_FILE = 3weekTests/Info.plist;
				IPHONEOS_DEPLOYMENT_TARGET = 14.4;
				LD_RUNPATH_SEARCH_PATHS = (
					"$(inherited)",
					"@executable_path/Frameworks",
					"@loader_path/Frameworks",
				);
				PRODUCT_BUNDLE_IDENTIFIER = "Jin.com.-weekTests";
				PRODUCT_NAME = "$(TARGET_NAME)";
				SWIFT_VERSION = 5.0;
				TARGETED_DEVICE_FAMILY = "1,2";
				TEST_HOST = "$(BUILT_PRODUCTS_DIR)/3week.app/3week";
			};
			name = Debug;
		};
		6FEEEDFF27127CAC001D4161 /* Release */ = {
			isa = XCBuildConfiguration;
			baseConfigurationReference = F126FE3E09D990A9E7B016E9 /* Pods-3weekTests.release.xcconfig */;
			buildSettings = {
				ALWAYS_EMBED_SWIFT_STANDARD_LIBRARIES = YES;
				BUNDLE_LOADER = "$(TEST_HOST)";
				CODE_SIGN_STYLE = Automatic;
				DEVELOPMENT_TEAM = 56KBBDN6MA;
				INFOPLIST_FILE = 3weekTests/Info.plist;
				IPHONEOS_DEPLOYMENT_TARGET = 14.4;
				LD_RUNPATH_SEARCH_PATHS = (
					"$(inherited)",
					"@executable_path/Frameworks",
					"@loader_path/Frameworks",
				);
				PRODUCT_BUNDLE_IDENTIFIER = "Jin.com.-weekTests";
				PRODUCT_NAME = "$(TARGET_NAME)";
				SWIFT_VERSION = 5.0;
				TARGETED_DEVICE_FAMILY = "1,2";
				TEST_HOST = "$(BUILT_PRODUCTS_DIR)/3week.app/3week";
			};
			name = Release;
		};
		6FEEEE0127127CAC001D4161 /* Debug */ = {
			isa = XCBuildConfiguration;
			baseConfigurationReference = 3C9DF2D0A723820145432706 /* Pods-3week-3weekUITests.debug.xcconfig */;
			buildSettings = {
				ALWAYS_EMBED_SWIFT_STANDARD_LIBRARIES = YES;
				CODE_SIGN_STYLE = Automatic;
				DEVELOPMENT_TEAM = 56KBBDN6MA;
				INFOPLIST_FILE = 3weekUITests/Info.plist;
				LD_RUNPATH_SEARCH_PATHS = (
					"$(inherited)",
					"@executable_path/Frameworks",
					"@loader_path/Frameworks",
				);
				PRODUCT_BUNDLE_IDENTIFIER = "Jin.com.-weekUITests";
				PRODUCT_NAME = "$(TARGET_NAME)";
				SWIFT_VERSION = 5.0;
				TARGETED_DEVICE_FAMILY = "1,2";
				TEST_TARGET_NAME = 3week;
			};
			name = Debug;
		};
		6FEEEE0227127CAC001D4161 /* Release */ = {
			isa = XCBuildConfiguration;
			baseConfigurationReference = 5C97D26615C0763B2EDBB091 /* Pods-3week-3weekUITests.release.xcconfig */;
			buildSettings = {
				ALWAYS_EMBED_SWIFT_STANDARD_LIBRARIES = YES;
				CODE_SIGN_STYLE = Automatic;
				DEVELOPMENT_TEAM = 56KBBDN6MA;
				INFOPLIST_FILE = 3weekUITests/Info.plist;
				LD_RUNPATH_SEARCH_PATHS = (
					"$(inherited)",
					"@executable_path/Frameworks",
					"@loader_path/Frameworks",
				);
				PRODUCT_BUNDLE_IDENTIFIER = "Jin.com.-weekUITests";
				PRODUCT_NAME = "$(TARGET_NAME)";
				SWIFT_VERSION = 5.0;
				TARGETED_DEVICE_FAMILY = "1,2";
				TEST_TARGET_NAME = 3week;
			};
			name = Release;
		};
/* End XCBuildConfiguration section */

/* Begin XCConfigurationList section */
		6FEEEDCB27127CA7001D4161 /* Build configuration list for PBXProject "3week" */ = {
			isa = XCConfigurationList;
			buildConfigurations = (
				6FEEEDF827127CAC001D4161 /* Debug */,
				6FEEEDF927127CAC001D4161 /* Release */,
			);
			defaultConfigurationIsVisible = 0;
			defaultConfigurationName = Release;
		};
		6FEEEDFA27127CAC001D4161 /* Build configuration list for PBXNativeTarget "3week" */ = {
			isa = XCConfigurationList;
			buildConfigurations = (
				6FEEEDFB27127CAC001D4161 /* Debug */,
				6FEEEDFC27127CAC001D4161 /* Release */,
			);
			defaultConfigurationIsVisible = 0;
			defaultConfigurationName = Release;
		};
		6FEEEDFD27127CAC001D4161 /* Build configuration list for PBXNativeTarget "3weekTests" */ = {
			isa = XCConfigurationList;
			buildConfigurations = (
				6FEEEDFE27127CAC001D4161 /* Debug */,
				6FEEEDFF27127CAC001D4161 /* Release */,
			);
			defaultConfigurationIsVisible = 0;
			defaultConfigurationName = Release;
		};
		6FEEEE0027127CAC001D4161 /* Build configuration list for PBXNativeTarget "3weekUITests" */ = {
			isa = XCConfigurationList;
			buildConfigurations = (
				6FEEEE0127127CAC001D4161 /* Debug */,
				6FEEEE0227127CAC001D4161 /* Release */,
			);
			defaultConfigurationIsVisible = 0;
			defaultConfigurationName = Release;
		};
/* End XCConfigurationList section */
	};
	rootObject = 6FEEEDC827127CA7001D4161 /* Project object */;
}
